
Microsoft Visual Studio Solution File, Format Version 12.00
# Visual Studio Version 17
VisualStudioVersion = 17.14.36930.0 d17.14
MinimumVisualStudioVersion = 10.0.40219.1
Project("{FAE04EC0-301F-11D3-BF4B-00C04F79EFBC}") = "Fido2Authenticator", "Fido2Authenticator.csproj", "{F155662D-687F-496A-B709-AB771B8837C0}"
EndProject
Global
	GlobalSection(SolutionConfigurationPlatforms) = preSolution
		Debug|Any CPU = Debug|Any CPU
		Release|Any CPU = Release|Any CPU
	EndGlobalSection
	GlobalSection(ProjectConfigurationPlatforms) = postSolution
		{F155662D-687F-496A-B709-AB771B8837C0}.Debug|Any CPU.ActiveCfg = Debug|Any CPU
		{F155662D-687F-496A-B709-AB771B8837C0}.Debug|Any CPU.Build.0 = Debug|Any CPU
		{F155662D-687F-496A-B709-AB771B8837C0}.Release|Any CPU.ActiveCfg = Release|Any CPU
		{F155662D-687F-496A-B709-AB771B8837C0}.Release|Any CPU.Build.0 = Release|Any CPU
	EndGlobalSection
	GlobalSection(SolutionProperties) = preSolution
		HideSolutionNode = FALSE
	EndGlobalSection
	GlobalSection(ExtensibilityGlobals) = postSolution
		SolutionGuid = {C82F4CCF-3C60-4C9E-AC91-3B2333F02809}
	EndGlobalSection
EndGlobal
